
Microsoft Visual Studio Solution File, Format Version 12.00
# Visual Studio Version 16
VisualStudioVersion = 16.0.32106.194
MinimumVisualStudioVersion = 10.0.40219.1
Project("{FAE04EC0-301F-11D3-BF4B-00C04F79EFBC}") = "EmployeeService", "EmployeeService\EmployeeService.csproj", "{831F1C67-2FF7-49FF-BAD9-8AC66202A0B1}"
EndProject
Project("{FAE04EC0-301F-11D3-BF4B-00C04F79EFBC}") = "EmployeeDataAccess", "EmployeeDataAccess\EmployeeDataAccess.csproj", "{733A2C1A-B6E0-4497-9A54-D05897BAA3BB}"
EndProject
Global
	GlobalSection(SolutionConfigurationPlatforms) = preSolution
		Debug|Any CPU = Debug|Any CPU
		Release|Any CPU = Release|Any CPU
	EndGlobalSection
	GlobalSection(ProjectConfigurationPlatforms) = postSolution
		{831F1C67-2FF7-49FF-BAD9-8AC66202A0B1}.Debug|Any CPU.ActiveCfg = Debug|Any CPU
		{831F1C67-2FF7-49FF-BAD9-8AC66202A0B1}.Debug|Any CPU.Build.0 = Debug|Any CPU
		{831F1C67-2FF7-49FF-BAD9-8AC66202A0B1}.Release|Any CPU.ActiveCfg = Release|Any CPU
		{831F1C67-2FF7-49FF-BAD9-8AC66202A0B1}.Release|Any CPU.Build.0 = Release|Any CPU
		{733A2C1A-B6E0-4497-9A54-D05897BAA3BB}.Debug|Any CPU.ActiveCfg = Debug|Any CPU
		{733A2C1A-B6E0-4497-9A54-D05897BAA3BB}.Debug|Any CPU.Build.0 = Debug|Any CPU
		{733A2C1A-B6E0-4497-9A54-D05897BAA3BB}.Release|Any CPU.ActiveCfg = Release|Any CPU
		{733A2C1A-B6E0-4497-9A54-D05897BAA3BB}.Release|Any CPU.Build.0 = Release|Any CPU
	EndGlobalSection
	GlobalSection(SolutionProperties) = preSolution
		HideSolutionNode = FALSE
	EndGlobalSection
	GlobalSection(ExtensibilityGlobals) = postSolution
		SolutionGuid = {6F541DA2-38C3-450E-9211-4CBD8151AED5}
	EndGlobalSection
EndGlobal
